{
  "lockfile_version": "1",
  "packages": {
    "act@latest": {
      "last_modified": "2025-05-16T20:19:48Z",
      "resolved": "github:NixOS/nixpkgs/12a55407652e04dcf2309436eb06fef0d3713ef3#act",
      "source": "devbox-search",
      "version": "0.2.77",
      "systems": {
        "aarch64-darwin": {
          "outputs": [
            {
              "name": "out",
              "path": "/nix/store/30f9jix2hdkbcigx5wbzvfcr6ddxamd0-act-0.2.77",
              "default": true
            }
          ],
          "store_path": "/nix/store/30f9jix2hdkbcigx5wbzvfcr6ddxamd0-act-0.2.77"
        },
        "aarch64-linux": {
          "outputs": [
            {
              "name": "out",
              "path": "/nix/store/s8bykxs7wglgvvwqf7pi3mq9hw0a93x5-act-0.2.77",
              "default": true
            }
          ],
          "store_path": "/nix/store/s8bykxs7wglgvvwqf7pi3mq9hw0a93x5-act-0.2.77"
        },
        "x86_64-darwin": {
          "outputs": [
            {
              "name": "out",
              "path": "/nix/store/5drbfgpw10h7n3d9w5q5x3wxva6w4rzx-act-0.2.77",
              "default": true
            }
          ],
          "store_path": "/nix/store/5drbfgpw10h7n3d9w5q5x3wxva6w4rzx-act-0.2.77"
        },
        "x86_64-linux": {
          "outputs": [
            {
              "name": "out",
              "path": "/nix/store/hv5fbj7iws3xkn0bn06hp8j67dbc2nl2-act-0.2.77",
              "default": true
            }
          ],
          "store_path": "/nix/store/hv5fbj7iws3xkn0bn06hp8j67dbc2nl2-act-0.2.77"
        }
      }
    },
    "gh@latest": {
      "last_modified": "2025-05-19T23:16:24Z",
      "resolved": "github:NixOS/nixpkgs/359c442b7d1f6229c1dc978116d32d6c07fe8440#gh",
      "source": "devbox-search",
      "version": "2.73.0",
      "systems": {
        "aarch64-darwin": {
          "outputs": [
            {
              "name": "out",
              "path": "/nix/store/inxkf35rrzg4lpn2npgd948nhmhxmm8j-gh-2.73.0",
              "default": true
            }
          ],
          "store_path": "/nix/store/inxkf35rrzg4lpn2npgd948nhmhxmm8j-gh-2.73.0"
        },
        "aarch64-linux": {
          "outputs": [
            {
              "name": "out",
              "path": "/nix/store/2cz3xa8ird2alc3r3ls0y2gdh3r04ssm-gh-2.73.0",
              "default": true
            }
          ],
          "store_path": "/nix/store/2cz3xa8ird2alc3r3ls0y2gdh3r04ssm-gh-2.73.0"
        },
        "x86_64-darwin": {
          "outputs": [
            {
              "name": "out",
              "path": "/nix/store/2z3hpmxp4z8qwcqh0fn68603wizqzr19-gh-2.73.0",
              "default": true
            }
          ],
          "store_path": "/nix/store/2z3hpmxp4z8qwcqh0fn68603wizqzr19-gh-2.73.0"
        },
        "x86_64-linux": {
          "outputs": [
            {
              "name": "out",
              "path": "/nix/store/ldj4l6hdw3qyz93k3lrk22gw30hmj3ki-gh-2.73.0",
              "default": true
            }
          ],
          "store_path": "/nix/store/ldj4l6hdw3qyz93k3lrk22gw30hmj3ki-gh-2.73.0"
        }
      }
    },
    "git@latest": {
      "last_modified": "2025-05-29T08:12:58Z",
      "resolved": "github:NixOS/nixpkgs/3866ad91cfc172f08a6839def503d8fc2923c603#git",
      "source": "devbox-search",
      "version": "2.49.0",
      "systems": {
        "aarch64-darwin": {
          "outputs": [
            {
              "name": "out",
              "path": "/nix/store/9pa6rygnkrdp03j4ba0w6yb5qid5x3qb-git-2.49.0",
              "default": true
            },
            {
              "name": "doc",
              "path": "/nix/store/4a1f3ymqasdx2sfwn615n6x6z15qk5nd-git-2.49.0-doc"
            }
          ],
          "store_path": "/nix/store/9pa6rygnkrdp03j4ba0w6yb5qid5x3qb-git-2.49.0"
        },
        "aarch64-linux": {
          "outputs": [
            {
              "name": "out",
              "path": "/nix/store/bqk89pw1wmjzrqi20vqz194ylfhl5cnm-git-2.49.0",
              "default": true
            },
            {
              "name": "doc",
              "path": "/nix/store/ll9hlbwp3vvihpx2p2g7mykrl2a4snk4-git-2.49.0-doc"
            },
            {
              "name": "debug",
              "path": "/nix/store/ypv73aihzciz9x12imf5dvz4qkn4wakd-git-2.49.0-debug"
            }
          ],
          "store_path": "/nix/store/bqk89pw1wmjzrqi20vqz194ylfhl5cnm-git-2.49.0"
        },
        "x86_64-darwin": {
          "outputs": [
            {
              "name": "out",
              "path": "/nix/store/38kaic6dax0nkj4xwnyysmlwzdlrfdfr-git-2.49.0",
              "default": true
            },
            {
              "name": "doc",
              "path": "/nix/store/0544ir9xg154jsb00i0881ggpafyw4nc-git-2.49.0-doc"
            }
          ],
          "store_path": "/nix/store/38kaic6dax0nkj4xwnyysmlwzdlrfdfr-git-2.49.0"
        },
        "x86_64-linux": {
          "outputs": [
            {
              "name": "out",
              "path": "/nix/store/805a5wv1cyah5awij184yfad1ksmbh9f-git-2.49.0",
              "default": true
            },
            {
              "name": "doc",
              "path": "/nix/store/7dfxlvdhr5g57b1v8gxwpa2gs7i9g3y5-git-2.49.0-doc"
            },
            {
              "name": "debug",
              "path": "/nix/store/6nibw5w4xay921qx7lp74bs10qsqp0g9-git-2.49.0-debug"
            }
          ],
          "store_path": "/nix/store/805a5wv1cyah5awij184yfad1ksmbh9f-git-2.49.0"
        }
      }
    },
    "github:NixOS/nixpkgs/nixpkgs-unstable": {
      "last_modified": "2025-05-28T23:33:38Z",
      "resolved": "github:NixOS/nixpkgs/e80506de785dc48dcfbb636c443c5e2b0b5b2d7d?lastModified=1748475218&narHash=sha256-zDYqMBDbQR4SU9vHFrvHRbI0qxv0RGAoog5idGLiOWQ%3D"
    },
    "jujutsu@latest": {
      "last_modified": "2025-05-28T23:33:38Z",
      "resolved": "github:NixOS/nixpkgs/e80506de785dc48dcfbb636c443c5e2b0b5b2d7d#jujutsu",
      "source": "devbox-search",
      "version": "0.29.0",
      "systems": {
        "aarch64-darwin": {
          "outputs": [
            {
              "name": "out",
              "path": "/nix/store/yxycw4vb5c8i5dkhg9vf90rrr4fxdn5i-jujutsu-0.29.0",
              "default": true
            }
          ],
          "store_path": "/nix/store/yxycw4vb5c8i5dkhg9vf90rrr4fxdn5i-jujutsu-0.29.0"
        },
        "aarch64-linux": {
          "outputs": [
            {
              "name": "out",
              "path": "/nix/store/bs69l8ia57n28mkrvyi0lrxzpv1hsxgh-jujutsu-0.29.0",
              "default": true
            }
          ],
          "store_path": "/nix/store/bs69l8ia57n28mkrvyi0lrxzpv1hsxgh-jujutsu-0.29.0"
        },
        "x86_64-darwin": {
          "outputs": [
            {
              "name": "out",
              "path": "/nix/store/8ymiiy2zihg784k0g9r6rxy4qxa8i4gb-jujutsu-0.29.0",
              "default": true
            }
          ],
          "store_path": "/nix/store/8ymiiy2zihg784k0g9r6rxy4qxa8i4gb-jujutsu-0.29.0"
        },
        "x86_64-linux": {
          "outputs": [
            {
              "name": "out",
              "path": "/nix/store/ah4c4ck2nfl3y4pppi9l5a9nr360qgh7-jujutsu-0.29.0",
              "default": true
            }
          ],
          "store_path": "/nix/store/ah4c4ck2nfl3y4pppi9l5a9nr360qgh7-jujutsu-0.29.0"
        }
      }
    },
    "nodejs@20.16": {
      "last_modified": "2024-08-31T10:12:23Z",
      "plugin_version": "0.0.2",
      "resolved": "github:NixOS/nixpkgs/5629520edecb69630a3f4d17d3d33fc96c13f6fe#nodejs_20",
      "source": "devbox-search",
      "version": "20.16.0",
      "systems": {
        "aarch64-darwin": {
          "outputs": [
            {
              "name": "out",
              "path": "/nix/store/iikbj8fwd3msxvh747v22b0gpf1rckww-nodejs-20.16.0",
              "default": true
            },
            {
              "name": "libv8",
              "path": "/nix/store/clzfgrh8fmzgr8jmv2266b30qh4mqlxa-nodejs-20.16.0-libv8"
            }
          ],
          "store_path": "/nix/store/iikbj8fwd3msxvh747v22b0gpf1rckww-nodejs-20.16.0"
        },
        "aarch64-linux": {
          "outputs": [
            {
              "name": "out",
              "path": "/nix/store/rbv8jmnhifp2znxc4issvl7zgmy7f24j-nodejs-20.16.0",
              "default": true
            },
            {
              "name": "libv8",
              "path": "/nix/store/2hqnq9snccm7n7346k5bqj657mp85lb3-nodejs-20.16.0-libv8"
            }
          ],
          "store_path": "/nix/store/rbv8jmnhifp2znxc4issvl7zgmy7f24j-nodejs-20.16.0"
        },
        "x86_64-darwin": {
          "outputs": [
            {
              "name": "out",
              "path": "/nix/store/azpkc2aw75nabkv9pq07j4rxw92fm7i6-nodejs-20.16.0",
              "default": true
            },
            {
              "name": "libv8",
              "path": "/nix/store/8qjcn62342vpl6r1l9f22l901fj8cqbc-nodejs-20.16.0-libv8"
            }
          ],
          "store_path": "/nix/store/azpkc2aw75nabkv9pq07j4rxw92fm7i6-nodejs-20.16.0"
        },
        "x86_64-linux": {
          "outputs": [
            {
              "name": "out",
              "path": "/nix/store/alik5i1lm5kfm61fh3pg221czk7pmv4g-nodejs-20.16.0",
              "default": true
            },
            {
              "name": "libv8",
              "path": "/nix/store/sl8zwksqc08asblhr5r36dlhzy6brmpk-nodejs-20.16.0-libv8"
            }
          ],
          "store_path": "/nix/store/alik5i1lm5kfm61fh3pg221czk7pmv4g-nodejs-20.16.0"
        }
      }
    }
  }
}
