# @generated - this file is auto-generated by `mise lock` https://mise.en.dev/dev-tools/mise-lock.html

[[tools.node]]
version = "24.18.1"
backend = "core:node"

[tools.node."platforms.linux-arm64"]
checksum = "sha256:df224555a083b918e46260cc969838501b9f9a87140c1195e5b9597b56d5dae2"
url = "https://nodejs.org/dist/v24.18.1/node-v24.18.1-linux-arm64.tar.gz"

[tools.node."platforms.linux-arm64-musl"]
checksum = "sha256:ae1b6457edb875fd98130b37c853e51a53ac0cc40850ecccd490b61c5a3558fa"
url = "https://unofficial-builds.nodejs.org/download/release/v24.18.1/node-v24.18.1-linux-arm64-musl.tar.gz"

[tools.node."platforms.linux-x64"]
checksum = "sha256:9f5eb6ac21845a66c493c91a253b1da32fd684e89e9b7202d4936982336be4ca"
url = "https://nodejs.org/dist/v24.18.1/node-v24.18.1-linux-x64.tar.gz"

[tools.node."platforms.linux-x64-musl"]
checksum = "sha256:696979caef92505ad7566a3674ca9a93d8558e282f34e7899181c0321821ae5f"
url = "https://unofficial-builds.nodejs.org/download/release/v24.18.1/node-v24.18.1-linux-x64-musl.tar.gz"

[tools.node."platforms.macos-arm64"]
checksum = "sha256:eb02f7fab96d3d67de40c5ec8566096fcb4c2026728787683ae5a97eb612b941"
url = "https://nodejs.org/dist/v24.18.1/node-v24.18.1-darwin-arm64.tar.gz"

[tools.node."platforms.macos-x64"]
checksum = "sha256:6fb20fceacbb157c2f95825b80df4a454a0f6d81cdcd7bb81eeae9147e0e76ec"
url = "https://nodejs.org/dist/v24.18.1/node-v24.18.1-darwin-x64.tar.gz"

[tools.node."platforms.windows-x64"]
checksum = "sha256:ec56b84a7551893ab2324ebdfdc4ab974a63b4781162600b68a1293cc3e53765"
url = "https://nodejs.org/dist/v24.18.1/node-v24.18.1-win-x64.zip"

[[tools.pnpm]]
version = "12.3.4"
backend = "aqua:pnpm/pnpm"

[tools.pnpm."platforms.linux-arm64"]
checksum = "sha256:95e71a2a30bbc0b77511f95cf096779068dcad6ffcbbfdf0cd4dde9de2b2b97c"
url = "https://github.com/pnpm/pnpm/releases/download/v12.3.4/pnpm-linux-arm64.tar.gz"
url_api = "https://api.github.com/repos/pnpm/pnpm/releases/assets/544431953"
provenance = "github-attestations"

[tools.pnpm."platforms.linux-arm64-musl"]
checksum = "sha256:75c0b268cedbf9b57b69dcef576b9b307dd5b7650c1f967ac1b8f8d6afc1ca25"
url = "https://github.com/pnpm/pnpm/releases/download/v12.3.4/pnpm-linux-arm64-musl.tar.gz"
url_api = "https://api.github.com/repos/pnpm/pnpm/releases/assets/544431955"
provenance = "github-attestations"

[tools.pnpm."platforms.linux-x64"]
checksum = "sha256:9705e5704b4679fb503c963a18d1ac4f105e39aafafca8a2ed346facdf820cd0"
url = "https://github.com/pnpm/pnpm/releases/download/v12.3.4/pnpm-linux-x64.tar.gz"
url_api = "https://api.github.com/repos/pnpm/pnpm/releases/assets/544431952"
provenance = "github-attestations"

[tools.pnpm."platforms.linux-x64-musl"]
checksum = "sha256:e4c4f54599627cc0646fbb2ea8103bd6c88634533fbd6c6f5ca0f6fe7d6f5d9c"
url = "https://github.com/pnpm/pnpm/releases/download/v12.3.4/pnpm-linux-x64-musl.tar.gz"
url_api = "https://api.github.com/repos/pnpm/pnpm/releases/assets/544431957"
provenance = "github-attestations"

[tools.pnpm."platforms.macos-arm64"]
checksum = "sha256:9560243d4e92780c4466bac2ee6aac4166c8bb601ad3c63f070cdd701b28f360"
url = "https://github.com/pnpm/pnpm/releases/download/v12.3.4/pnpm-darwin-arm64.tar.gz"
url_api = "https://api.github.com/repos/pnpm/pnpm/releases/assets/544431956"
provenance = "github-attestations"

[tools.pnpm."platforms.windows-x64"]
checksum = "sha256:ada0d8b62adff9884686d473e27d0f57ef2ca4a044d23a7c6782af86b9a8a6cf"
url = "https://github.com/pnpm/pnpm/releases/download/v12.3.4/pnpm-win32-x64.zip"
url_api = "https://api.github.com/repos/pnpm/pnpm/releases/assets/544431954"
provenance = "github-attestations"
